
Microsoft Visual Studio Solution File, Format Version 12.00
# Visual Studio Version 17
VisualStudioVersion = 17.1.32421.90
MinimumVisualStudioVersion = 10.0.40219.1
Project("{9A19103F-16F7-4668-BE54-9A1E7A4F7556}") = "RestaurantService", "RestaurantService\RestaurantService.csproj", "{15189439-9FF6-4B43-9248-FB7C1415764A}"
EndProject
Project("{9A19103F-16F7-4668-BE54-9A1E7A4F7556}") = "Gateway", "Gateway\Gateway.csproj", "{F2C43697-F84E-4766-B85B-3386692B5574}"
EndProject
Project("{9A19103F-16F7-4668-BE54-9A1E7A4F7556}") = "DeliveryService", "DeliveryService\DeliveryService.csproj", "{B8851A7A-F52C-473B-8AE2-A48208496779}"
EndProject
Project("{9A19103F-16F7-4668-BE54-9A1E7A4F7556}") = "OrderService", "OrderService\OrderService.csproj", "{AAF863C5-7585-4810-8C84-341A1E2FD056}"
EndProject
Project("{9A19103F-16F7-4668-BE54-9A1E7A4F7556}") = "UserService.Test", "UserService.Test\UserService.Test.csproj", "{E2C32E92-500E-41D5-AA1D-942F0E2AAFA4}"
EndProject
Project("{9A19103F-16F7-4668-BE54-9A1E7A4F7556}") = "EmailService", "EmailService\EmailService.csproj", "{FB50A566-0845-4A8B-9FE2-6AF66D53B6F0}"
EndProject
Project("{9A19103F-16F7-4668-BE54-9A1E7A4F7556}") = "FeedbackService", "FeedbackService\FeedbackService.csproj", "{B1142285-679E-4A2C-BA53-F44E9416B51F}"
EndProject
Project("{9A19103F-16F7-4668-BE54-9A1E7A4F7556}") = "Common", "Common\Common.csproj", "{8A3C960F-B4AD-4A60-981F-3FF066635D5E}"
EndProject
Project("{9A19103F-16F7-4668-BE54-9A1E7A4F7556}") = "PaymentProcessorService", "PaymentProcessorService\PaymentProcessorService.csproj", "{2085FB31-ED3E-44C4-901F-D451B2FD24F4}"
EndProject
Project("{9A19103F-16F7-4668-BE54-9A1E7A4F7556}") = "WebSocketHubService", "WebSocketHubService\WebSocketHubService.csproj", "{E7E14491-7C0F-4B75-BBA7-2DCC7EA4AB69}"
EndProject
Project("{9A19103F-16F7-4668-BE54-9A1E7A4F7556}") = "PaymentValidatorService", "PaymentValidatorService\PaymentValidatorService.csproj", "{95C6BF78-1721-4F04-BF14-D8A8A938D89B}"
EndProject
Project("{9A19103F-16F7-4668-BE54-9A1E7A4F7556}") = "ReviewService.Test", "ReviewService\ReviewService.Test.csproj", "{42A89AAA-AD3B-4B3A-8623-EC0363D889CF}"
EndProject
Project("{9A19103F-16F7-4668-BE54-9A1E7A4F7556}") = "UserService", "UserService\UserService.csproj", "{302A2DF6-DCEF-4D94-9CF5-AA305C32DAC6}"
EndProject
Project("{9A19103F-16F7-4668-BE54-9A1E7A4F7556}") = "GraphqlDemo", "GraphqlDemo\GraphqlDemo.csproj", "{66D36308-3A5C-44BA-B9F9-CB8AA0F4B617}"
EndProject
Project("{9A19103F-16F7-4668-BE54-9A1E7A4F7556}") = "RestaurantService.Test", "RestaurantService.Test\RestaurantService.Test.csproj", "{6A8A21C1-2553-4B25-A041-61A09D78DD83}"
EndProject
Global
	GlobalSection(SolutionConfigurationPlatforms) = preSolution
		Debug|Any CPU = Debug|Any CPU
		Release|Any CPU = Release|Any CPU
	EndGlobalSection
	GlobalSection(ProjectConfigurationPlatforms) = postSolution
		{15189439-9FF6-4B43-9248-FB7C1415764A}.Debug|Any CPU.ActiveCfg = Debug|Any CPU
		{15189439-9FF6-4B43-9248-FB7C1415764A}.Debug|Any CPU.Build.0 = Debug|Any CPU
		{15189439-9FF6-4B43-9248-FB7C1415764A}.Release|Any CPU.ActiveCfg = Release|Any CPU
		{15189439-9FF6-4B43-9248-FB7C1415764A}.Release|Any CPU.Build.0 = Release|Any CPU
		{F2C43697-F84E-4766-B85B-3386692B5574}.Debug|Any CPU.ActiveCfg = Debug|Any CPU
		{F2C43697-F84E-4766-B85B-3386692B5574}.Debug|Any CPU.Build.0 = Debug|Any CPU
		{F2C43697-F84E-4766-B85B-3386692B5574}.Release|Any CPU.ActiveCfg = Release|Any CPU
		{F2C43697-F84E-4766-B85B-3386692B5574}.Release|Any CPU.Build.0 = Release|Any CPU
		{B8851A7A-F52C-473B-8AE2-A48208496779}.Debug|Any CPU.ActiveCfg = Debug|Any CPU
		{B8851A7A-F52C-473B-8AE2-A48208496779}.Debug|Any CPU.Build.0 = Debug|Any CPU
		{B8851A7A-F52C-473B-8AE2-A48208496779}.Release|Any CPU.ActiveCfg = Release|Any CPU
		{B8851A7A-F52C-473B-8AE2-A48208496779}.Release|Any CPU.Build.0 = Release|Any CPU
		{AAF863C5-7585-4810-8C84-341A1E2FD056}.Debug|Any CPU.ActiveCfg = Debug|Any CPU
		{AAF863C5-7585-4810-8C84-341A1E2FD056}.Debug|Any CPU.Build.0 = Debug|Any CPU
		{AAF863C5-7585-4810-8C84-341A1E2FD056}.Release|Any CPU.ActiveCfg = Release|Any CPU
		{AAF863C5-7585-4810-8C84-341A1E2FD056}.Release|Any CPU.Build.0 = Release|Any CPU
		{E2C32E92-500E-41D5-AA1D-942F0E2AAFA4}.Debug|Any CPU.ActiveCfg = Debug|Any CPU
		{E2C32E92-500E-41D5-AA1D-942F0E2AAFA4}.Debug|Any CPU.Build.0 = Debug|Any CPU
		{E2C32E92-500E-41D5-AA1D-942F0E2AAFA4}.Release|Any CPU.ActiveCfg = Release|Any CPU
		{E2C32E92-500E-41D5-AA1D-942F0E2AAFA4}.Release|Any CPU.Build.0 = Release|Any CPU
		{FB50A566-0845-4A8B-9FE2-6AF66D53B6F0}.Debug|Any CPU.ActiveCfg = Debug|Any CPU
		{FB50A566-0845-4A8B-9FE2-6AF66D53B6F0}.Debug|Any CPU.Build.0 = Debug|Any CPU
		{FB50A566-0845-4A8B-9FE2-6AF66D53B6F0}.Release|Any CPU.ActiveCfg = Release|Any CPU
		{FB50A566-0845-4A8B-9FE2-6AF66D53B6F0}.Release|Any CPU.Build.0 = Release|Any CPU
		{B1142285-679E-4A2C-BA53-F44E9416B51F}.Debug|Any CPU.ActiveCfg = Debug|Any CPU
		{B1142285-679E-4A2C-BA53-F44E9416B51F}.Debug|Any CPU.Build.0 = Debug|Any CPU
		{B1142285-679E-4A2C-BA53-F44E9416B51F}.Release|Any CPU.ActiveCfg = Release|Any CPU
		{B1142285-679E-4A2C-BA53-F44E9416B51F}.Release|Any CPU.Build.0 = Release|Any CPU
		{8A3C960F-B4AD-4A60-981F-3FF066635D5E}.Debug|Any CPU.ActiveCfg = Debug|Any CPU
		{8A3C960F-B4AD-4A60-981F-3FF066635D5E}.Debug|Any CPU.Build.0 = Debug|Any CPU
		{8A3C960F-B4AD-4A60-981F-3FF066635D5E}.Release|Any CPU.ActiveCfg = Release|Any CPU
		{8A3C960F-B4AD-4A60-981F-3FF066635D5E}.Release|Any CPU.Build.0 = Release|Any CPU
		{2085FB31-ED3E-44C4-901F-D451B2FD24F4}.Debug|Any CPU.ActiveCfg = Debug|Any CPU
		{2085FB31-ED3E-44C4-901F-D451B2FD24F4}.Debug|Any CPU.Build.0 = Debug|Any CPU
		{2085FB31-ED3E-44C4-901F-D451B2FD24F4}.Release|Any CPU.ActiveCfg = Release|Any CPU
		{2085FB31-ED3E-44C4-901F-D451B2FD24F4}.Release|Any CPU.Build.0 = Release|Any CPU
		{E7E14491-7C0F-4B75-BBA7-2DCC7EA4AB69}.Debug|Any CPU.ActiveCfg = Debug|Any CPU
		{E7E14491-7C0F-4B75-BBA7-2DCC7EA4AB69}.Debug|Any CPU.Build.0 = Debug|Any CPU
		{E7E14491-7C0F-4B75-BBA7-2DCC7EA4AB69}.Release|Any CPU.ActiveCfg = Release|Any CPU
		{E7E14491-7C0F-4B75-BBA7-2DCC7EA4AB69}.Release|Any CPU.Build.0 = Release|Any CPU
		{95C6BF78-1721-4F04-BF14-D8A8A938D89B}.Debug|Any CPU.ActiveCfg = Debug|Any CPU
		{95C6BF78-1721-4F04-BF14-D8A8A938D89B}.Debug|Any CPU.Build.0 = Debug|Any CPU
		{95C6BF78-1721-4F04-BF14-D8A8A938D89B}.Release|Any CPU.ActiveCfg = Release|Any CPU
		{95C6BF78-1721-4F04-BF14-D8A8A938D89B}.Release|Any CPU.Build.0 = Release|Any CPU
		{42A89AAA-AD3B-4B3A-8623-EC0363D889CF}.Debug|Any CPU.ActiveCfg = Debug|Any CPU
		{42A89AAA-AD3B-4B3A-8623-EC0363D889CF}.Debug|Any CPU.Build.0 = Debug|Any CPU
		{42A89AAA-AD3B-4B3A-8623-EC0363D889CF}.Release|Any CPU.ActiveCfg = Release|Any CPU
		{42A89AAA-AD3B-4B3A-8623-EC0363D889CF}.Release|Any CPU.Build.0 = Release|Any CPU
		{302A2DF6-DCEF-4D94-9CF5-AA305C32DAC6}.Debug|Any CPU.ActiveCfg = Debug|Any CPU
		{302A2DF6-DCEF-4D94-9CF5-AA305C32DAC6}.Debug|Any CPU.Build.0 = Debug|Any CPU
		{302A2DF6-DCEF-4D94-9CF5-AA305C32DAC6}.Release|Any CPU.ActiveCfg = Release|Any CPU
		{302A2DF6-DCEF-4D94-9CF5-AA305C32DAC6}.Release|Any CPU.Build.0 = Release|Any CPU
		{66D36308-3A5C-44BA-B9F9-CB8AA0F4B617}.Debug|Any CPU.ActiveCfg = Debug|Any CPU
		{66D36308-3A5C-44BA-B9F9-CB8AA0F4B617}.Debug|Any CPU.Build.0 = Debug|Any CPU
		{66D36308-3A5C-44BA-B9F9-CB8AA0F4B617}.Release|Any CPU.ActiveCfg = Release|Any CPU
		{66D36308-3A5C-44BA-B9F9-CB8AA0F4B617}.Release|Any CPU.Build.0 = Release|Any CPU
		{6A8A21C1-2553-4B25-A041-61A09D78DD83}.Debug|Any CPU.ActiveCfg = Debug|Any CPU
		{6A8A21C1-2553-4B25-A041-61A09D78DD83}.Debug|Any CPU.Build.0 = Debug|Any CPU
		{6A8A21C1-2553-4B25-A041-61A09D78DD83}.Release|Any CPU.ActiveCfg = Release|Any CPU
		{6A8A21C1-2553-4B25-A041-61A09D78DD83}.Release|Any CPU.Build.0 = Release|Any CPU
	EndGlobalSection
	GlobalSection(SolutionProperties) = preSolution
		HideSolutionNode = FALSE
	EndGlobalSection
	GlobalSection(ExtensibilityGlobals) = postSolution
		SolutionGuid = {7ED6034F-1783-46D6-B6EB-7BB876DFE205}
	EndGlobalSection
EndGlobal
